// !$*UTF8*$!
{
	archiveVersion = 1;
	classes = {
	};
	objectVersion = 46;
	objects = {

/* Begin PBXBuildFile section */
		BD80BA091CE4E19900E55B12 /* AppDelegate.swift in Sources */ = {isa = PBXBuildFile; fileRef = BD80BA081CE4E19900E55B12 /* AppDelegate.swift */; };
		BD80BA0B1CE4E19900E55B12 /* ViewController.swift in Sources */ = {isa = PBXBuildFile; fileRef = BD80BA0A1CE4E19900E55B12 /* ViewController.swift */; };
		BD80BA0E1CE4E19900E55B12 /* Main.storyboard in Resources */ = {isa = PBXBuildFile; fileRef = BD80BA0C1CE4E19900E55B12 /* Main.storyboard */; };
		BD80BA111CE4E19900E55B12 /* Cleverdesk.xcdatamodeld in Sources */ = {isa = PBXBuildFile; fileRef = BD80BA0F1CE4E19900E55B12 /* Cleverdesk.xcdatamodeld */; };
		BD80BA131CE4E19900E55B12 /* Assets.xcassets in Resources */ = {isa = PBXBuildFile; fileRef = BD80BA121CE4E19900E55B12 /* Assets.xcassets */; };
		BD80BA161CE4E19900E55B12 /* LaunchScreen.storyboard in Resources */ = {isa = PBXBuildFile; fileRef = BD80BA141CE4E19900E55B12 /* LaunchScreen.storyboard */; };
		BD80BA211CE4E19A00E55B12 /* CleverdeskTests.swift in Sources */ = {isa = PBXBuildFile; fileRef = BD80BA201CE4E19A00E55B12 /* CleverdeskTests.swift */; };
		BD80BA2C1CE4E19A00E55B12 /* CleverdeskUITests.swift in Sources */ = {isa = PBXBuildFile; fileRef = BD80BA2B1CE4E19A00E55B12 /* CleverdeskUITests.swift */; };
/* End PBXBuildFile section */

/* Begin PBXContainerItemProxy section */
		BD80BA1D1CE4E19A00E55B12 /* PBXContainerItemProxy */ = {
			isa = PBXContainerItemProxy;
			containerPortal = BD80B9FD1CE4E19800E55B12 /* Project object */;
			proxyType = 1;
			remoteGlobalIDString = BD80BA041CE4E19800E55B12;
			remoteInfo = Cleverdesk;
		};
		BD80BA281CE4E19A00E55B12 /* PBXContainerItemProxy */ = {
			isa = PBXContainerItemProxy;
			containerPortal = BD80B9FD1CE4E19800E55B12 /* Project object */;
			proxyType = 1;
			remoteGlobalIDString = BD80BA041CE4E19800E55B12;
			remoteInfo = Cleverdesk;
		};
/* End PBXContainerItemProxy section */

/* Begin PBXFileReference section */
		BD80BA051CE4E19800E55B12 /* Cleverdesk.app */ = {isa = PBXFileReference; explicitFileType = wrapper.application; includeInIndex = 0; path = Cleverdesk.app; sourceTree = BUILT_PRODUCTS_DIR; };
		BD80BA081CE4E19900E55B12 /* AppDelegate.swift */ = {isa = PBXFileReference; lastKnownFileType = sourcecode.swift; path = AppDelegate.swift; sourceTree = "<group>"; };
		BD80BA0A1CE4E19900E55B12 /* ViewController.swift */ = {isa = PBXFileReference; lastKnownFileType = sourcecode.swift; path = ViewController.swift; sourceTree = "<group>"; };
		BD80BA0D1CE4E19900E55B12 /* Base */ = {isa = PBXFileReference; lastKnownFileType = file.storyboard; name = Base; path = Base.lproj/Main.storyboard; sourceTree = "<group>"; };
		BD80BA101CE4E19900E55B12 /* Cleverdesk.xcdatamodel */ = {isa = PBXFileReference; lastKnownFileType = wrapper.xcdatamodel; path = Cleverdesk.xcdatamodel; sourceTree = "<group>"; };
		BD80BA121CE4E19900E55B12 /* Assets.xcassets */ = {isa = PBXFileReference; lastKnownFileType = folder.assetcatalog; path = Assets.xcassets; sourceTree = "<group>"; };
		BD80BA151CE4E19900E55B12 /* Base */ = {isa = PBXFileReference; lastKnownFileType = file.storyboard; name = Base; path = Base.lproj/LaunchScreen.storyboard; sourceTree = "<group>"; };
		BD80BA171CE4E19900E55B12 /* Info.plist */ = {isa = PBXFileReference; lastKnownFileType = text.plist.xml; path = Info.plist; sourceTree = "<group>"; };
		BD80BA1C1CE4E19A00E55B12 /* CleverdeskTests.xctest */ = {isa = PBXFileReference; explicitFileType = wrapper.cfbundle; includeInIndex = 0; path = CleverdeskTests.xctest; sourceTree = BUILT_PRODUCTS_DIR; };
		BD80BA201CE4E19A00E55B12 /* CleverdeskTests.swift */ = {isa = PBXFileReference; lastKnownFileType = sourcecode.swift; path = CleverdeskTests.swift; sourceTree = "<group>"; };
		BD80BA221CE4E19A00E55B12 /* Info.plist */ = {isa = PBXFileReference; lastKnownFileType = text.plist.xml; path = Info.plist; sourceTree = "<group>"; };
		BD80BA271CE4E19A00E55B12 /* CleverdeskUITests.xctest */ = {isa = PBXFileReference; explicitFileType = wrapper.cfbundle; includeInIndex = 0; path = CleverdeskUITests.xctest; sourceTree = BUILT_PRODUCTS_DIR; };
		BD80BA2B1CE4E19A00E55B12 /* CleverdeskUITests.swift */ = {isa = PBXFileReference; lastKnownFileType = sourcecode.swift; path = CleverdeskUITests.swift; sourceTree = "<group>"; };
		BD80BA2D1CE4E19A00E55B12 /* Info.plist */ = {isa = PBXFileReference; lastKnownFileType = text.plist.xml; path = Info.plist; sourceTree = "<group>"; };
/* End PBXFileReference section */

/* Begin PBXFrameworksBuildPhase section */
		BD80BA021CE4E19800E55B12 /* Frameworks */ = {
			isa = PBXFrameworksBuildPhase;
			buildActionMask = 2147483647;
			files = (
			);
			runOnlyForDeploymentPostprocessing = 0;
		};
		BD80BA191CE4E19A00E55B12 /* Frameworks */ = {
			isa = PBXFrameworksBuildPhase;
			buildActionMask = 2147483647;
			files = (
			);
			runOnlyForDeploymentPostprocessing = 0;
		};
		BD80BA241CE4E19A00E55B12 /* Frameworks */ = {
			isa = PBXFrameworksBuildPhase;
			buildActionMask = 2147483647;
			files = (
			);
			runOnlyForDeploymentPostprocessing = 0;
		};
/* End PBXFrameworksBuildPhase section */

/* Begin PBXGroup section */
		BD80B9FC1CE4E19800E55B12 = {
			isa = PBXGroup;
			children = (
				BD80BA071CE4E19900E55B12 /* Cleverdesk */,
				BD80BA1F1CE4E19A00E55B12 /* CleverdeskTests */,
				BD80BA2A1CE4E19A00E55B12 /* CleverdeskUITests */,
				BD80BA061CE4E19800E55B12 /* Products */,
			);
			sourceTree = "<group>";
		};
		BD80BA061CE4E19800E55B12 /* Products */ = {
			isa = PBXGroup;
			children = (
				BD80BA051CE4E19800E55B12 /* Cleverdesk.app */,
				BD80BA1C1CE4E19A00E55B12 /* CleverdeskTests.xctest */,
				BD80BA271CE4E19A00E55B12 /* CleverdeskUITests.xctest */,
			);
			name = Products;
			sourceTree = "<group>";
		};
		BD80BA071CE4E19900E55B12 /* Cleverdesk */ = {
			isa = PBXGroup;
			children = (
				BD80BA081CE4E19900E55B12 /* AppDelegate.swift */,
				BD80BA0A1CE4E19900E55B12 /* ViewController.swift */,
				BD80BA0C1CE4E19900E55B12 /* Main.storyboard */,
				BD80BA121CE4E19900E55B12 /* Assets.xcassets */,
				BD80BA141CE4E19900E55B12 /* LaunchScreen.storyboard */,
				BD80BA171CE4E19900E55B12 /* Info.plist */,
				BD80BA0F1CE4E19900E55B12 /* Cleverdesk.xcdatamodeld */,
			);
			path = Cleverdesk;
			sourceTree = "<group>";
		};
		BD80BA1F1CE4E19A00E55B12 /* CleverdeskTests */ = {
			isa = PBXGroup;
			children = (
				BD80BA201CE4E19A00E55B12 /* CleverdeskTests.swift */,
				BD80BA221CE4E19A00E55B12 /* Info.plist */,
			);
			path = CleverdeskTests;
			sourceTree = "<group>";
		};
		BD80BA2A1CE4E19A00E55B12 /* CleverdeskUITests */ = {
			isa = PBXGroup;
			children = (
				BD80BA2B1CE4E19A00E55B12 /* CleverdeskUITests.swift */,
				BD80BA2D1CE4E19A00E55B12 /* Info.plist */,
			);
			path = CleverdeskUITests;
			sourceTree = "<group>";
		};
/* End PBXGroup section */

/* Begin PBXNativeTarget section */
		BD80BA041CE4E19800E55B12 /* Cleverdesk */ = {
			isa = PBXNativeTarget;
			buildConfigurationList = BD80BA301CE4E19A00E55B12 /* Build configuration list for PBXNativeTarget "Cleverdesk" */;
			buildPhases = (
				BD80BA011CE4E19800E55B12 /* Sources */,
				BD80BA021CE4E19800E55B12 /* Frameworks */,
				BD80BA031CE4E19800E55B12 /* Resources */,
			);
			buildRules = (
			);
			dependencies = (
			);
			name = Cleverdesk;
			productName = Cleverdesk;
			productReference = BD80BA051CE4E19800E55B12 /* Cleverdesk.app */;
			productType = "com.apple.product-type.application";
		};
		BD80BA1B1CE4E19A00E55B12 /* CleverdeskTests */ = {
			isa = PBXNativeTarget;
			buildConfigurationList = BD80BA331CE4E19A00E55B12 /* Build configuration list for PBXNativeTarget "CleverdeskTests" */;
			buildPhases = (
				BD80BA181CE4E19A00E55B12 /* Sources */,
				BD80BA191CE4E19A00E55B12 /* Frameworks */,
				BD80BA1A1CE4E19A00E55B12 /* Resources */,
			);
			buildRules = (
			);
			dependencies = (
				BD80BA1E1CE4E19A00E55B12 /* PBXTargetDependency */,
			);
			name = CleverdeskTests;
			productName = CleverdeskTests;
			productReference = BD80BA1C1CE4E19A00E55B12 /* CleverdeskTests.xctest */;
			productType = "com.apple.product-type.bundle.unit-test";
		};
		BD80BA261CE4E19A00E55B12 /* CleverdeskUITests */ = {
			isa = PBXNativeTarget;
			buildConfigurationList = BD80BA361CE4E19A00E55B12 /* Build configuration list for PBXNativeTarget "CleverdeskUITests" */;
			buildPhases = (
				BD80BA231CE4E19A00E55B12 /* Sources */,
				BD80BA241CE4E19A00E55B12 /* Frameworks */,
				BD80BA251CE4E19A00E55B12 /* Resources */,
			);
			buildRules = (
			);
			dependencies = (
				BD80BA291CE4E19A00E55B12 /* PBXTargetDependency */,
			);
			name = CleverdeskUITests;
			productName = CleverdeskUITests;
			productReference = BD80BA271CE4E19A00E55B12 /* CleverdeskUITests.xctest */;
			productType = "com.apple.product-type.bundle.ui-testing";
		};
/* End PBXNativeTarget section */

/* Begin PBXProject section */
		BD80B9FD1CE4E19800E55B12 /* Project object */ = {
			isa = PBXProject;
			attributes = {
				LastSwiftUpdateCheck = 0730;
				LastUpgradeCheck = 0730;
				ORGANIZATIONNAME = Cleverdesk;
				TargetAttributes = {
					BD80BA041CE4E19800E55B12 = {
						CreatedOnToolsVersion = 7.3.1;
					};
					BD80BA1B1CE4E19A00E55B12 = {
						CreatedOnToolsVersion = 7.3.1;
						TestTargetID = BD80BA041CE4E19800E55B12;
					};
					BD80BA261CE4E19A00E55B12 = {
						CreatedOnToolsVersion = 7.3.1;
						TestTargetID = BD80BA041CE4E19800E55B12;
					};
				};
			};
			buildConfigurationList = BD80BA001CE4E19800E55B12 /* Build configuration list for PBXProject "Cleverdesk" */;
			compatibilityVersion = "Xcode 3.2";
			developmentRegion = English;
			hasScannedForEncodings = 0;
			knownRegions = (
				en,
				Base,
			);
			mainGroup = BD80B9FC1CE4E19800E55B12;
			productRefGroup = BD80BA061CE4E19800E55B12 /* Products */;
			projectDirPath = "";
			projectRoot = "";
			targets = (
				BD80BA041CE4E19800E55B12 /* Cleverdesk */,
				BD80BA1B1CE4E19A00E55B12 /* CleverdeskTests */,
				BD80BA261CE4E19A00E55B12 /* CleverdeskUITests */,
			);
		};
/* End PBXProject section */

/* Begin PBXResourcesBuildPhase section */
		BD80BA031CE4E19800E55B12 /* Resources */ = {
			isa = PBXResourcesBuildPhase;
			buildActionMask = 2147483647;
			files = (
				BD80BA161CE4E19900E55B12 /* LaunchScreen.storyboard in Resources */,
				BD80BA131CE4E19900E55B12 /* Assets.xcassets in Resources */,
				BD80BA0E1CE4E19900E55B12 /* Main.storyboard in Resources */,
			);
			runOnlyForDeploymentPostprocessing = 0;
		};
		BD80BA1A1CE4E19A00E55B12 /* Resources */ = {
			isa = PBXResourcesBuildPhase;
			buildActionMask = 2147483647;
			files = (
			);
			runOnlyForDeploymentPostprocessing = 0;
		};
		BD80BA251CE4E19A00E55B12 /* Resources */ = {
			isa = PBXResourcesBuildPhase;
			buildActionMask = 2147483647;
			files = (
			);
			runOnlyForDeploymentPostprocessing = 0;
		};
/* End PBXResourcesBuildPhase section */

/* Begin PBXSourcesBuildPhase section */
		BD80BA011CE4E19800E55B12 /* Sources */ = {
			isa = PBXSourcesBuildPhase;
			buildActionMask = 2147483647;
			files = (
				BD80BA0B1CE4E19900E55B12 /* ViewController.swift in Sources */,
				BD80BA111CE4E19900E55B12 /* Cleverdesk.xcdatamodeld in Sources */,
				BD80BA091CE4E19900E55B12 /* AppDelegate.swift in Sources */,
			);
			runOnlyForDeploymentPostprocessing = 0;
		};
		BD80BA181CE4E19A00E55B12 /* Sources */ = {
			isa = PBXSourcesBuildPhase;
			buildActionMask = 2147483647;
			files = (
				BD80BA211CE4E19A00E55B12 /* CleverdeskTests.swift in Sources */,
			);
			runOnlyForDeploymentPostprocessing = 0;
		};
		BD80BA231CE4E19A00E55B12 /* Sources */ = {
			isa = PBXSourcesBuildPhase;
			buildActionMask = 2147483647;
			files = (
				BD80BA2C1CE4E19A00E55B12 /* CleverdeskUITests.swift in Sources */,
			);
			runOnlyForDeploymentPostprocessing = 0;
		};
/* End PBXSourcesBuildPhase section */

/* Begin PBXTargetDependency section */
		BD80BA1E1CE4E19A00E55B12 /* PBXTargetDependency */ = {
			isa = PBXTargetDependency;
			target = BD80BA041CE4E19800E55B12 /* Cleverdesk */;
			targetProxy = BD80BA1D1CE4E19A00E55B12 /* PBXContainerItemProxy */;
		};
		BD80BA291CE4E19A00E55B12 /* PBXTargetDependency */ = {
			isa = PBXTargetDependency;
			target = BD80BA041CE4E19800E55B12 /* Cleverdesk */;
			targetProxy = BD80BA281CE4E19A00E55B12 /* PBXContainerItemProxy */;
		};
/* End PBXTargetDependency section */

/* Begin PBXVariantGroup section */
		BD80BA0C1CE4E19900E55B12 /* Main.storyboard */ = {
			isa = PBXVariantGroup;
			children = (
				BD80BA0D1CE4E19900E55B12 /* Base */,
			);
			name = Main.storyboard;
			sourceTree = "<group>";
		};
		BD80BA141CE4E19900E55B12 /* LaunchScreen.storyboard */ = {
			isa = PBXVariantGroup;
			children = (
				BD80BA151CE4E19900E55B12 /* Base */,
			);
			name = LaunchScreen.storyboard;
			sourceTree = "<group>";
		};
/* End PBXVariantGroup section */

/* Begin XCBuildConfiguration section */
		BD80BA2E1CE4E19A00E55B12 /* Debug */ = {
			isa = XCBuildConfiguration;
			buildSettings = {
				ALWAYS_SEARCH_USER_PATHS = NO;
				CLANG_ANALYZER_NONNULL = YES;
				CLANG_CXX_LANGUAGE_STANDARD = "gnu++0x";
				CLANG_CXX_LIBRARY = "libc++";
				CLANG_ENABLE_MODULES = YES;
				CLANG_ENABLE_OBJC_ARC = YES;
				CLANG_WARN_BOOL_CONVERSION = YES;
				CLANG_WARN_CONSTANT_CONVERSION = YES;
				CLANG_WARN_DIRECT_OBJC_ISA_USAGE = YES_ERROR;
				CLANG_WARN_EMPTY_BODY = YES;
				CLANG_WARN_ENUM_CONVERSION = YES;
				CLANG_WARN_INT_CONVERSION = YES;
				CLANG_WARN_OBJC_ROOT_CLASS = YES_ERROR;
				CLANG_WARN_UNREACHABLE_CODE = YES;
				CLANG_WARN__DUPLICATE_METHOD_MATCH = YES;
				"CODE_SIGN_IDENTITY[sdk=iphoneos*]" = "iPhone Developer";
				COPY_PHASE_STRIP = NO;
				DEBUG_INFORMATION_FORMAT = dwarf;
				ENABLE_STRICT_OBJC_MSGSEND = YES;
				ENABLE_TESTABILITY = YES;
				GCC_C_LANGUAGE_STANDARD = gnu99;
				GCC_DYNAMIC_NO_PIC = NO;
				GCC_NO_COMMON_BLOCKS = YES;
				GCC_OPTIMIZATION_LEVEL = 0;
				GCC_PREPROCESSOR_DEFINITIONS = (
					"DEBUG=1",
					"$(inherited)",
				);
				GCC_WARN_64_TO_32_BIT_CONVERSION = YES;
				GCC_WARN_ABOUT_RETURN_TYPE = YES_ERROR;
				GCC_WARN_UNDECLARED_SELECTOR = YES;
				GCC_WARN_UNINITIALIZED_AUTOS = YES_AGGRESSIVE;
				GCC_WARN_UNUSED_FUNCTION = YES;
				GCC_WARN_UNUSED_VARIABLE = YES;
				IPHONEOS_DEPLOYMENT_TARGET = 9.3;
				MTL_ENABLE_DEBUG_INFO = YES;
				ONLY_ACTIVE_ARCH = YES;
				SDKROOT = iphoneos;
				SWIFT_OPTIMIZATION_LEVEL = "-Onone";
				TARGETED_DEVICE_FAMILY = "1,2";
			};
			name = Debug;
		};
		BD80BA2F1CE4E19A00E55B12 /* Release */ = {
			isa = XCBuildConfiguration;
			buildSettings = {
				ALWAYS_SEARCH_USER_PATHS = NO;
				CLANG_ANALYZER_NONNULL = YES;
				CLANG_CXX_LANGUAGE_STANDARD = "gnu++0x";
				CLANG_CXX_LIBRARY = "libc++";
				CLANG_ENABLE_MODULES = YES;
				CLANG_ENABLE_OBJC_ARC = YES;
				CLANG_WARN_BOOL_CONVERSION = YES;
				CLANG_WARN_CONSTANT_CONVERSION = YES;
				CLANG_WARN_DIRECT_OBJC_ISA_USAGE = YES_ERROR;
				CLANG_WARN_EMPTY_BODY = YES;
				CLANG_WARN_ENUM_CONVERSION = YES;
				CLANG_WARN_INT_CONVERSION = YES;
				CLANG_WARN_OBJC_ROOT_CLASS = YES_ERROR;
				CLANG_WARN_UNREACHABLE_CODE = YES;
				CLANG_WARN__DUPLICATE_METHOD_MATCH = YES;
				"CODE_SIGN_IDENTITY[sdk=iphoneos*]" = "iPhone Developer";
				COPY_PHASE_STRIP = NO;
				DEBUG_INFORMATION_FORMAT = "dwarf-with-dsym";
				ENABLE_NS_ASSERTIONS = NO;
				ENABLE_STRICT_OBJC_MSGSEND = YES;
				GCC_C_LANGUAGE_STANDARD = gnu99;
				GCC_NO_COMMON_BLOCKS = YES;
				GCC_WARN_64_TO_32_BIT_CONVERSION = YES;
				GCC_WARN_ABOUT_RETURN_TYPE = YES_ERROR;
				GCC_WARN_UNDECLARED_SELECTOR = YES;
				GCC_WARN_UNINITIALIZED_AUTOS = YES_AGGRESSIVE;
				GCC_WARN_UNUSED_FUNCTION = YES;
				GCC_WARN_UNUSED_VARIABLE = YES;
				IPHONEOS_DEPLOYMENT_TARGET = 9.3;
				MTL_ENABLE_DEBUG_INFO = NO;
				SDKROOT = iphoneos;
				TARGETED_DEVICE_FAMILY = "1,2";
				VALIDATE_PRODUCT = YES;
			};
			name = Release;
		};
		BD80BA311CE4E19A00E55B12 /* Debug */ = {
			isa = XCBuildConfiguration;
			buildSettings = {
				ASSETCATALOG_COMPILER_APPICON_NAME = AppIcon;
				INFOPLIST_FILE = Cleverdesk/Info.plist;
				LD_RUNPATH_SEARCH_PATHS = "$(inherited) @executable_path/Frameworks";
				PRODUCT_BUNDLE_IDENTIFIER = net.cleverdesk.Cleverdesk;
				PRODUCT_NAME = "$(TARGET_NAME)";
			};
			name = Debug;
		};
		BD80BA321CE4E19A00E55B12 /* Release */ = {
			isa = XCBuildConfiguration;
			buildSettings = {
				ASSETCATALOG_COMPILER_APPICON_NAME = AppIcon;
				INFOPLIST_FILE = Cleverdesk/Info.plist;
				LD_RUNPATH_SEARCH_PATHS = "$(inherited) @executable_path/Frameworks";
				PRODUCT_BUNDLE_IDENTIFIER = net.cleverdesk.Cleverdesk;
				PRODUCT_NAME = "$(TARGET_NAME)";
			};
			name = Release;
		};
		BD80BA341CE4E19A00E55B12 /* Debug */ = {
			isa = XCBuildConfiguration;
			buildSettings = {
				BUNDLE_LOADER = "$(TEST_HOST)";
				INFOPLIST_FILE = CleverdeskTests/Info.plist;
				LD_RUNPATH_SEARCH_PATHS = "$(inherited) @executable_path/Frameworks @loader_path/Frameworks";
				PRODUCT_BUNDLE_IDENTIFIER = net.cleverdesk.CleverdeskTests;
				PRODUCT_NAME = "$(TARGET_NAME)";
				TEST_HOST = "$(BUILT_PRODUCTS_DIR)/Cleverdesk.app/Cleverdesk";
			};
			name = Debug;
		};
		BD80BA351CE4E19A00E55B12 /* Release */ = {
			isa = XCBuildConfiguration;
			buildSettings = {
				BUNDLE_LOADER = "$(TEST_HOST)";
				INFOPLIST_FILE = CleverdeskTests/Info.plist;
				LD_RUNPATH_SEARCH_PATHS = "$(inherited) @executable_path/Frameworks @loader_path/Frameworks";
				PRODUCT_BUNDLE_IDENTIFIER = net.cleverdesk.CleverdeskTests;
				PRODUCT_NAME = "$(TARGET_NAME)";
				TEST_HOST = "$(BUILT_PRODUCTS_DIR)/Cleverdesk.app/Cleverdesk";
			};
			name = Release;
		};
		BD80BA371CE4E19A00E55B12 /* Debug */ = {
			isa = XCBuildConfiguration;
			buildSettings = {
				INFOPLIST_FILE = CleverdeskUITests/Info.plist;
				LD_RUNPATH_SEARCH_PATHS = "$(inherited) @executable_path/Frameworks @loader_path/Frameworks";
				PRODUCT_BUNDLE_IDENTIFIER = net.cleverdesk.CleverdeskUITests;
				PRODUCT_NAME = "$(TARGET_NAME)";
				TEST_TARGET_NAME = Cleverdesk;
			};
			name = Debug;
		};
		BD80BA381CE4E19A00E55B12 /* Release */ = {
			isa = XCBuildConfiguration;
			buildSettings = {
				INFOPLIST_FILE = CleverdeskUITests/Info.plist;
				LD_RUNPATH_SEARCH_PATHS = "$(inherited) @executable_path/Frameworks @loader_path/Frameworks";
				PRODUCT_BUNDLE_IDENTIFIER = net.cleverdesk.CleverdeskUITests;
				PRODUCT_NAME = "$(TARGET_NAME)";
				TEST_TARGET_NAME = Cleverdesk;
			};
			name = Release;
		};
/* End XCBuildConfiguration section */

/* Begin XCConfigurationList section */
		BD80BA001CE4E19800E55B12 /* Build configuration list for PBXProject "Cleverdesk" */ = {
			isa = XCConfigurationList;
			buildConfigurations = (
				BD80BA2E1CE4E19A00E55B12 /* Debug */,
				BD80BA2F1CE4E19A00E55B12 /* Release */,
			);
			defaultConfigurationIsVisible = 0;
			defaultConfigurationName = Release;
		};
		BD80BA301CE4E19A00E55B12 /* Build configuration list for PBXNativeTarget "Cleverdesk" */ = {
			isa = XCConfigurationList;
			buildConfigurations = (
				BD80BA311CE4E19A00E55B12 /* Debug */,
				BD80BA321CE4E19A00E55B12 /* Release */,
			);
			defaultConfigurationIsVisible = 0;
		};
		BD80BA331CE4E19A00E55B12 /* Build configuration list for PBXNativeTarget "CleverdeskTests" */ = {
			isa = XCConfigurationList;
			buildConfigurations = (
				BD80BA341CE4E19A00E55B12 /* Debug */,
				BD80BA351CE4E19A00E55B12 /* Release */,
			);
			defaultConfigurationIsVisible = 0;
		};
		BD80BA361CE4E19A00E55B12 /* Build configuration list for PBXNativeTarget "CleverdeskUITests" */ = {
			isa = XCConfigurationList;
			buildConfigurations = (
				BD80BA371CE4E19A00E55B12 /* Debug */,
				BD80BA381CE4E19A00E55B12 /* Release */,
			);
			defaultConfigurationIsVisible = 0;
		};
/* End XCConfigurationList section */

/* Begin XCVersionGroup section */
		BD80BA0F1CE4E19900E55B12 /* Cleverdesk.xcdatamodeld */ = {
			isa = XCVersionGroup;
			children = (
				BD80BA101CE4E19900E55B12 /* Cleverdesk.xcdatamodel */,
			);
			currentVersion = BD80BA101CE4E19900E55B12 /* Cleverdesk.xcdatamodel */;
			path = Cleverdesk.xcdatamodeld;
			sourceTree = "<group>";
			versionGroupType = wrapper.xcdatamodel;
		};
/* End XCVersionGroup section */
	};
	rootObject = BD80B9FD1CE4E19800E55B12 /* Project object */;
}
